
Microsoft Visual Studio Solution File, Format Version 12.00
# Visual Studio Version 16
VisualStudioVersion = 16.0.30011.22
MinimumVisualStudioVersion = 10.0.40219.1
Project("{9A19103F-16F7-4668-BE54-9A1E7A4F7556}") = "Pipe_game", "Pipe_game\Pipe_game.csproj", "{621A02B5-E957-4E0C-A7B0-DE0F15168FCC}"
EndProject
Project("{9A19103F-16F7-4668-BE54-9A1E7A4F7556}") = "WebApplication", "..\WebApplication\WebApplication\WebApplication.csproj", "{D9123023-E031-4D23-9873-48ED0989AE3E}"
	ProjectSection(ProjectDependencies) = postProject
		{621A02B5-E957-4E0C-A7B0-DE0F15168FCC} = {621A02B5-E957-4E0C-A7B0-DE0F15168FCC}
	EndProjectSection
EndProject
Global
	GlobalSection(SolutionConfigurationPlatforms) = preSolution
		Debug|Any CPU = Debug|Any CPU
		Release|Any CPU = Release|Any CPU
	EndGlobalSection
	GlobalSection(ProjectConfigurationPlatforms) = postSolution
		{621A02B5-E957-4E0C-A7B0-DE0F15168FCC}.Debug|Any CPU.ActiveCfg = Debug|Any CPU
		{621A02B5-E957-4E0C-A7B0-DE0F15168FCC}.Debug|Any CPU.Build.0 = Debug|Any CPU
		{621A02B5-E957-4E0C-A7B0-DE0F15168FCC}.Release|Any CPU.ActiveCfg = Release|Any CPU
		{621A02B5-E957-4E0C-A7B0-DE0F15168FCC}.Release|Any CPU.Build.0 = Release|Any CPU
		{D9123023-E031-4D23-9873-48ED0989AE3E}.Debug|Any CPU.ActiveCfg = Debug|Any CPU
		{D9123023-E031-4D23-9873-48ED0989AE3E}.Debug|Any CPU.Build.0 = Debug|Any CPU
		{D9123023-E031-4D23-9873-48ED0989AE3E}.Release|Any CPU.ActiveCfg = Release|Any CPU
		{D9123023-E031-4D23-9873-48ED0989AE3E}.Release|Any CPU.Build.0 = Release|Any CPU
	EndGlobalSection
	GlobalSection(SolutionProperties) = preSolution
		HideSolutionNode = FALSE
	EndGlobalSection
	GlobalSection(ExtensibilityGlobals) = postSolution
		SolutionGuid = {7B0AECCA-A0A3-4CF9-89A6-C017963B4FB4}
	EndGlobalSection
EndGlobal
